
Microsoft Visual Studio Solution File, Format Version 12.00
# Visual Studio Version 17
VisualStudioVersion = 17.6.33723.286
MinimumVisualStudioVersion = 10.0.40219.1
Project("{9A19103F-16F7-4668-BE54-9A1E7A4F7556}") = "VacationApi", "VacationApi\VacationApi.csproj", "{6A096A70-0A87-4CC5-82B0-B9F4E64AF7D8}"
EndProject
Project("{FAE04EC0-301F-11D3-BF4B-00C04F79EFBC}") = "Tests", "Tests\Tests.csproj", "{AFB4B1F3-039D-44CD-92A9-FED0569A8231}"
EndProject
Global
	GlobalSection(SolutionConfigurationPlatforms) = preSolution
		Debug|Any CPU = Debug|Any CPU
		Release|Any CPU = Release|Any CPU
	EndGlobalSection
	GlobalSection(ProjectConfigurationPlatforms) = postSolution
		{6A096A70-0A87-4CC5-82B0-B9F4E64AF7D8}.Debug|Any CPU.ActiveCfg = Debug|Any CPU
		{6A096A70-0A87-4CC5-82B0-B9F4E64AF7D8}.Debug|Any CPU.Build.0 = Debug|Any CPU
		{6A096A70-0A87-4CC5-82B0-B9F4E64AF7D8}.Release|Any CPU.ActiveCfg = Release|Any CPU
		{6A096A70-0A87-4CC5-82B0-B9F4E64AF7D8}.Release|Any CPU.Build.0 = Release|Any CPU
		{AFB4B1F3-039D-44CD-92A9-FED0569A8231}.Debug|Any CPU.ActiveCfg = Debug|Any CPU
		{AFB4B1F3-039D-44CD-92A9-FED0569A8231}.Debug|Any CPU.Build.0 = Debug|Any CPU
		{AFB4B1F3-039D-44CD-92A9-FED0569A8231}.Release|Any CPU.ActiveCfg = Release|Any CPU
		{AFB4B1F3-039D-44CD-92A9-FED0569A8231}.Release|Any CPU.Build.0 = Release|Any CPU
	EndGlobalSection
	GlobalSection(SolutionProperties) = preSolution
		HideSolutionNode = FALSE
	EndGlobalSection
	GlobalSection(ExtensibilityGlobals) = postSolution
		SolutionGuid = {C1228FDB-6EE4-4FA8-B918-ACD0794429A5}
	EndGlobalSection
EndGlobal
